
Microsoft Visual Studio Solution File, Format Version 12.00
# Visual Studio Version 17
VisualStudioVersion = 17.7.34009.444
MinimumVisualStudioVersion = 10.0.40219.1
Project("{8BC9CEB8-8B4A-11D0-8D11-00A0C91BC942}") = "L4D1 Bhop Internal", "L4D1 Bhop Internal\L4D1 Bhop Internal.vcxproj", "{BFFAEBBB-2529-4CA6-A697-EC897A5AF398}"
EndProject
Global
	GlobalSection(SolutionConfigurationPlatforms) = preSolution
		Debug|x64 = Debug|x64
		Debug|x86 = Debug|x86
		Release|x64 = Release|x64
		Release|x86 = Release|x86
	EndGlobalSection
	GlobalSection(ProjectConfigurationPlatforms) = postSolution
		{BFFAEBBB-2529-4CA6-A697-EC897A5AF398}.Debug|x64.ActiveCfg = Debug|x64
		{BFFAEBBB-2529-4CA6-A697-EC897A5AF398}.Debug|x64.Build.0 = Debug|x64
		{BFFAEBBB-2529-4CA6-A697-EC897A5AF398}.Debug|x86.ActiveCfg = Debug|Win32
		{BFFAEBBB-2529-4CA6-A697-EC897A5AF398}.Debug|x86.Build.0 = Debug|Win32
		{BFFAEBBB-2529-4CA6-A697-EC897A5AF398}.Release|x64.ActiveCfg = Release|x64
		{BFFAEBBB-2529-4CA6-A697-EC897A5AF398}.Release|x64.Build.0 = Release|x64
		{BFFAEBBB-2529-4CA6-A697-EC897A5AF398}.Release|x86.ActiveCfg = Release|Win32
		{BFFAEBBB-2529-4CA6-A697-EC897A5AF398}.Release|x86.Build.0 = Release|Win32
	EndGlobalSection
	GlobalSection(SolutionProperties) = preSolution
		HideSolutionNode = FALSE
	EndGlobalSection
	GlobalSection(ExtensibilityGlobals) = postSolution
		SolutionGuid = {9DB6A814-07B7-4CC2-9FE4-FFF6E4417D5C}
	EndGlobalSection
EndGlobal
